
Microsoft Visual Studio Solution File, Format Version 12.00
# Visual Studio 2015
Project("{FAE04EC0-301F-11D3-BF4B-00C04F79EFBC}") = "SquadronWarsUnity.CSharp", "SquadronWarsUnity.CSharp.csproj", "{0565BD3E-15DF-A96C-2DD7-2EEC43F1DC77}"
EndProject
Project("{FAE04EC0-301F-11D3-BF4B-00C04F79EFBC}") = "SquadronWarsUnity.CSharp.Editor", "SquadronWarsUnity.CSharp.Editor.csproj", "{2A4FA28D-8767-66C8-4821-600B7A144C65}"
EndProject
Project("{FAE04EC0-301F-11D3-BF4B-00C04F79EFBC}") = "SquadronWarsUnitTests", "..\SquadronWarsUnitTests\SquadronWarsUnitTests.csproj", "{A9E4E5A3-BFC9-4DAD-82E9-18471B5C444F}"
EndProject
Global
	GlobalSection(SolutionConfigurationPlatforms) = preSolution
		Debug|Any CPU = Debug|Any CPU
		Release|Any CPU = Release|Any CPU
	EndGlobalSection
	GlobalSection(ProjectConfigurationPlatforms) = postSolution
		{0565BD3E-15DF-A96C-2DD7-2EEC43F1DC77}.Debug|Any CPU.ActiveCfg = Debug|Any CPU
		{0565BD3E-15DF-A96C-2DD7-2EEC43F1DC77}.Debug|Any CPU.Build.0 = Debug|Any CPU
		{0565BD3E-15DF-A96C-2DD7-2EEC43F1DC77}.Release|Any CPU.ActiveCfg = Release|Any CPU
		{0565BD3E-15DF-A96C-2DD7-2EEC43F1DC77}.Release|Any CPU.Build.0 = Release|Any CPU
		{2A4FA28D-8767-66C8-4821-600B7A144C65}.Debug|Any CPU.ActiveCfg = Debug|Any CPU
		{2A4FA28D-8767-66C8-4821-600B7A144C65}.Debug|Any CPU.Build.0 = Debug|Any CPU
		{2A4FA28D-8767-66C8-4821-600B7A144C65}.Release|Any CPU.ActiveCfg = Release|Any CPU
		{2A4FA28D-8767-66C8-4821-600B7A144C65}.Release|Any CPU.Build.0 = Release|Any CPU
		{A9E4E5A3-BFC9-4DAD-82E9-18471B5C444F}.Debug|Any CPU.ActiveCfg = Debug|Any CPU
		{A9E4E5A3-BFC9-4DAD-82E9-18471B5C444F}.Debug|Any CPU.Build.0 = Debug|Any CPU
		{A9E4E5A3-BFC9-4DAD-82E9-18471B5C444F}.Release|Any CPU.ActiveCfg = Release|Any CPU
		{A9E4E5A3-BFC9-4DAD-82E9-18471B5C444F}.Release|Any CPU.Build.0 = Release|Any CPU
	EndGlobalSection
	GlobalSection(SolutionProperties) = preSolution
		HideSolutionNode = FALSE
	EndGlobalSection
EndGlobal
