Microsoft Visual Studio Solution File, Format Version 11.00
# Visual Studio 2008

Project("{33504F0A-241C-2C2A-42EB-713EED99109A}") = "SquadronWarsUnity", "Assembly-CSharp.csproj", "{5E33DED3-505D-B2C6-B41A-5159F318D0FE}"
EndProject
Project("{33504F0A-241C-2C2A-42EB-713EED99109A}") = "SquadronWarsUnity", "Assembly-CSharp-Editor.csproj", "{8A7ECADC-5FC6-D6F1-AA2F-BD66522C52A2}"
EndProject
Global
	GlobalSection(SolutionConfigurationPlatforms) = preSolution
		Debug|Any CPU = Debug|Any CPU
		Release|Any CPU = Release|Any CPU
	EndGlobalSection
	GlobalSection(ProjectConfigurationPlatforms) = postSolution
		{5E33DED3-505D-B2C6-B41A-5159F318D0FE}.Debug|Any CPU.ActiveCfg = Debug|Any CPU
		{5E33DED3-505D-B2C6-B41A-5159F318D0FE}.Debug|Any CPU.Build.0 = Debug|Any CPU
		{5E33DED3-505D-B2C6-B41A-5159F318D0FE}.Release|Any CPU.ActiveCfg = Release|Any CPU
		{5E33DED3-505D-B2C6-B41A-5159F318D0FE}.Release|Any CPU.Build.0 = Release|Any CPU
		{8A7ECADC-5FC6-D6F1-AA2F-BD66522C52A2}.Debug|Any CPU.ActiveCfg = Debug|Any CPU
		{8A7ECADC-5FC6-D6F1-AA2F-BD66522C52A2}.Debug|Any CPU.Build.0 = Debug|Any CPU
		{8A7ECADC-5FC6-D6F1-AA2F-BD66522C52A2}.Release|Any CPU.ActiveCfg = Release|Any CPU
		{8A7ECADC-5FC6-D6F1-AA2F-BD66522C52A2}.Release|Any CPU.Build.0 = Release|Any CPU
	EndGlobalSection
	GlobalSection(SolutionProperties) = preSolution
		HideSolutionNode = FALSE
	EndGlobalSection
					GlobalSection(MonoDevelopProperties) = preSolution
		StartupItem = Assembly-CSharp.csproj
	EndGlobalSection
EndGlobal
